
Microsoft Visual Studio Solution File, Format Version 12.00
#
Project("{FAE04EC0-301F-11D3-BF4B-00C04F79EFBC}") = "Archer2ArcheryRecords", "Archery2ArcheryRecordsApp\Archery2ArcheryRecords.csproj", "{E8D35370-7BBE-4535-A1E0-E005227F7979}"
EndProject
Project("{FAE04EC0-301F-11D3-BF4B-00C04F79EFBC}") = "Archery2ArcheryRecords.Tests", "Archery2ArcheryRecords.Tests\Archery2ArcheryRecords.Tests.csproj", "{45E76E8E-FCFD-4FBE-B08E-6A4F843135CB}"
EndProject
Project("{FAE04EC0-301F-11D3-BF4B-00C04F79EFBC}") = "Archery2ArcheryRecords.Core", "Archery2ArcheryRecords.Core\Archery2ArcheryRecords.Core.csproj", "{817E1AC6-78D1-4272-8896-E9F708B74CA2}"
EndProject
Global
	GlobalSection(SolutionConfigurationPlatforms) = preSolution
		Debug|Any CPU = Debug|Any CPU
		Release|Any CPU = Release|Any CPU
	EndGlobalSection
	GlobalSection(ProjectConfigurationPlatforms) = postSolution
		{E8D35370-7BBE-4535-A1E0-E005227F7979}.Debug|Any CPU.ActiveCfg = Debug|Any CPU
		{E8D35370-7BBE-4535-A1E0-E005227F7979}.Debug|Any CPU.Build.0 = Debug|Any CPU
		{E8D35370-7BBE-4535-A1E0-E005227F7979}.Release|Any CPU.ActiveCfg = Release|Any CPU
		{E8D35370-7BBE-4535-A1E0-E005227F7979}.Release|Any CPU.Build.0 = Release|Any CPU
		{45E76E8E-FCFD-4FBE-B08E-6A4F843135CB}.Debug|Any CPU.ActiveCfg = Debug|Any CPU
		{45E76E8E-FCFD-4FBE-B08E-6A4F843135CB}.Debug|Any CPU.Build.0 = Debug|Any CPU
		{45E76E8E-FCFD-4FBE-B08E-6A4F843135CB}.Release|Any CPU.ActiveCfg = Release|Any CPU
		{45E76E8E-FCFD-4FBE-B08E-6A4F843135CB}.Release|Any CPU.Build.0 = Release|Any CPU
		{817E1AC6-78D1-4272-8896-E9F708B74CA2}.Debug|Any CPU.ActiveCfg = Debug|Any CPU
		{817E1AC6-78D1-4272-8896-E9F708B74CA2}.Debug|Any CPU.Build.0 = Debug|Any CPU
		{817E1AC6-78D1-4272-8896-E9F708B74CA2}.Release|Any CPU.ActiveCfg = Release|Any CPU
		{817E1AC6-78D1-4272-8896-E9F708B74CA2}.Release|Any CPU.Build.0 = Release|Any CPU
	EndGlobalSection
EndGlobal
